
Microsoft Visual Studio Solution File, Format Version 12.00
# Visual Studio Version 17
VisualStudioVersion = 17.0.32126.317
MinimumVisualStudioVersion = 10.0.40219.1
Project("{2150E333-8FDC-42A3-9474-1A3956D46DE8}") = "RHMobile", "RHMobile", "{7058331B-7A7F-4D8F-AB96-250CC8434EFF}"
EndProject
Project("{FAE04EC0-301F-11D3-BF4B-00C04F79EFBC}") = "XForms", "RHMobile\RHMobile\XForms.csproj", "{82653E57-C221-4928-9456-66DB43375D8C}"
EndProject
Project("{FAE04EC0-301F-11D3-BF4B-00C04F79EFBC}") = "XForms.Android", "RHMobile\RHMobile.Android\XForms.Android.csproj", "{16323B4A-A453-47A8-915A-B5F9ECDAA3C4}"
EndProject
Project("{FAE04EC0-301F-11D3-BF4B-00C04F79EFBC}") = "XForms.iOS", "RHMobile\RHMobile.iOS\XForms.iOS.csproj", "{7AF24924-3865-491F-ACA1-A6A67B299C39}"
EndProject
Project("{9344BDBB-3E7F-41FC-A0DD-8665D75EE146}") = "Database", "Database\Database.sqlproj", "{16715158-8DBB-4847-80E0-1E18A97E8B5B}"
EndProject
Project("{2150E333-8FDC-42A3-9474-1A3956D46DE8}") = "Shared", "Shared", "{DEC761F3-E6C2-4951-A188-67FD73780EAB}"
EndProject
Project("{FAE04EC0-301F-11D3-BF4B-00C04F79EFBC}") = "Shared.Models", "Shared.Models\Shared.Models.csproj", "{8B11CAC2-DB6E-41CD-B62F-5DBE22247F49}"
EndProject
Project("{2150E333-8FDC-42A3-9474-1A3956D46DE8}") = "Solution Items", "Solution Items", "{ECD88BA8-BD51-4C40-8F12-22307134B362}"
	ProjectSection(SolutionItems) = preProject
		RH.sln = RH.sln
	EndProjectSection
EndProject
Project("{9344BDBB-3E7F-41FC-A0DD-8665D75EE146}") = "RH", "RH\RH.csproj", "{D094C434-2CFC-4F3F-BD77-7B5BF5CF808D}"
EndProject
Global
	GlobalSection(SolutionConfigurationPlatforms) = preSolution
		Debug|Any CPU = Debug|Any CPU
		Release|Any CPU = Release|Any CPU
		Debug|iPhoneSimulator = Debug|iPhoneSimulator
		Release|iPhoneSimulator = Release|iPhoneSimulator
		Debug|iPhone = Debug|iPhone
		Release|iPhone = Release|iPhone
	EndGlobalSection
	GlobalSection(ProjectConfigurationPlatforms) = postSolution
		{82653E57-C221-4928-9456-66DB43375D8C}.Debug|Any CPU.ActiveCfg = Debug|Any CPU
		{82653E57-C221-4928-9456-66DB43375D8C}.Debug|Any CPU.Build.0 = Debug|Any CPU
		{82653E57-C221-4928-9456-66DB43375D8C}.Release|Any CPU.ActiveCfg = Release|Any CPU
		{82653E57-C221-4928-9456-66DB43375D8C}.Release|Any CPU.Build.0 = Release|Any CPU
		{82653E57-C221-4928-9456-66DB43375D8C}.Debug|iPhoneSimulator.ActiveCfg = Debug|Any CPU
		{82653E57-C221-4928-9456-66DB43375D8C}.Debug|iPhoneSimulator.Build.0 = Debug|Any CPU
		{82653E57-C221-4928-9456-66DB43375D8C}.Release|iPhoneSimulator.ActiveCfg = Release|Any CPU
		{82653E57-C221-4928-9456-66DB43375D8C}.Release|iPhoneSimulator.Build.0 = Release|Any CPU
		{82653E57-C221-4928-9456-66DB43375D8C}.Debug|iPhone.ActiveCfg = Debug|Any CPU
		{82653E57-C221-4928-9456-66DB43375D8C}.Debug|iPhone.Build.0 = Debug|Any CPU
		{82653E57-C221-4928-9456-66DB43375D8C}.Release|iPhone.ActiveCfg = Release|Any CPU
		{82653E57-C221-4928-9456-66DB43375D8C}.Release|iPhone.Build.0 = Release|Any CPU
		{16323B4A-A453-47A8-915A-B5F9ECDAA3C4}.Debug|Any CPU.ActiveCfg = Debug|Any CPU
		{16323B4A-A453-47A8-915A-B5F9ECDAA3C4}.Debug|Any CPU.Build.0 = Debug|Any CPU
		{16323B4A-A453-47A8-915A-B5F9ECDAA3C4}.Release|Any CPU.ActiveCfg = Release|Any CPU
		{16323B4A-A453-47A8-915A-B5F9ECDAA3C4}.Release|Any CPU.Build.0 = Release|Any CPU
		{16323B4A-A453-47A8-915A-B5F9ECDAA3C4}.Debug|iPhoneSimulator.ActiveCfg = Debug|Any CPU
		{16323B4A-A453-47A8-915A-B5F9ECDAA3C4}.Debug|iPhoneSimulator.Build.0 = Debug|Any CPU
		{16323B4A-A453-47A8-915A-B5F9ECDAA3C4}.Release|iPhoneSimulator.ActiveCfg = Release|Any CPU
		{16323B4A-A453-47A8-915A-B5F9ECDAA3C4}.Release|iPhoneSimulator.Build.0 = Release|Any CPU
		{16323B4A-A453-47A8-915A-B5F9ECDAA3C4}.Debug|iPhone.ActiveCfg = Debug|Any CPU
		{16323B4A-A453-47A8-915A-B5F9ECDAA3C4}.Debug|iPhone.Build.0 = Debug|Any CPU
		{16323B4A-A453-47A8-915A-B5F9ECDAA3C4}.Release|iPhone.ActiveCfg = Release|Any CPU
		{16323B4A-A453-47A8-915A-B5F9ECDAA3C4}.Release|iPhone.Build.0 = Release|Any CPU
		{7AF24924-3865-491F-ACA1-A6A67B299C39}.Debug|Any CPU.ActiveCfg = Debug|iPhoneSimulator
		{7AF24924-3865-491F-ACA1-A6A67B299C39}.Debug|Any CPU.Build.0 = Debug|iPhoneSimulator
		{7AF24924-3865-491F-ACA1-A6A67B299C39}.Release|Any CPU.ActiveCfg = Release|iPhoneSimulator
		{7AF24924-3865-491F-ACA1-A6A67B299C39}.Release|Any CPU.Build.0 = Release|iPhoneSimulator
		{7AF24924-3865-491F-ACA1-A6A67B299C39}.Debug|iPhoneSimulator.ActiveCfg = Debug|iPhoneSimulator
		{7AF24924-3865-491F-ACA1-A6A67B299C39}.Debug|iPhoneSimulator.Build.0 = Debug|iPhoneSimulator
		{7AF24924-3865-491F-ACA1-A6A67B299C39}.Release|iPhoneSimulator.ActiveCfg = Release|iPhoneSimulator
		{7AF24924-3865-491F-ACA1-A6A67B299C39}.Release|iPhoneSimulator.Build.0 = Release|iPhoneSimulator
		{7AF24924-3865-491F-ACA1-A6A67B299C39}.Debug|iPhone.ActiveCfg = Debug|iPhone
		{7AF24924-3865-491F-ACA1-A6A67B299C39}.Debug|iPhone.Build.0 = Debug|iPhone
		{7AF24924-3865-491F-ACA1-A6A67B299C39}.Release|iPhone.ActiveCfg = Release|iPhone
		{7AF24924-3865-491F-ACA1-A6A67B299C39}.Release|iPhone.Build.0 = Release|iPhone
		{16715158-8DBB-4847-80E0-1E18A97E8B5B}.Debug|Any CPU.ActiveCfg = Debug|Any CPU
		{16715158-8DBB-4847-80E0-1E18A97E8B5B}.Debug|Any CPU.Build.0 = Debug|Any CPU
		{16715158-8DBB-4847-80E0-1E18A97E8B5B}.Debug|Any CPU.Deploy.0 = Debug|Any CPU
		{16715158-8DBB-4847-80E0-1E18A97E8B5B}.Release|Any CPU.ActiveCfg = Release|Any CPU
		{16715158-8DBB-4847-80E0-1E18A97E8B5B}.Release|Any CPU.Build.0 = Release|Any CPU
		{16715158-8DBB-4847-80E0-1E18A97E8B5B}.Release|Any CPU.Deploy.0 = Release|Any CPU
		{16715158-8DBB-4847-80E0-1E18A97E8B5B}.Debug|iPhoneSimulator.ActiveCfg = Debug|Any CPU
		{16715158-8DBB-4847-80E0-1E18A97E8B5B}.Release|iPhoneSimulator.ActiveCfg = Release|Any CPU
		{16715158-8DBB-4847-80E0-1E18A97E8B5B}.Debug|iPhone.ActiveCfg = Debug|Any CPU
		{16715158-8DBB-4847-80E0-1E18A97E8B5B}.Release|iPhone.ActiveCfg = Release|Any CPU
		{8B11CAC2-DB6E-41CD-B62F-5DBE22247F49}.Debug|Any CPU.ActiveCfg = Debug|Any CPU
		{8B11CAC2-DB6E-41CD-B62F-5DBE22247F49}.Debug|Any CPU.Build.0 = Debug|Any CPU
		{8B11CAC2-DB6E-41CD-B62F-5DBE22247F49}.Release|Any CPU.ActiveCfg = Release|Any CPU
		{8B11CAC2-DB6E-41CD-B62F-5DBE22247F49}.Release|Any CPU.Build.0 = Release|Any CPU
		{8B11CAC2-DB6E-41CD-B62F-5DBE22247F49}.Debug|iPhoneSimulator.ActiveCfg = Debug|Any CPU
		{8B11CAC2-DB6E-41CD-B62F-5DBE22247F49}.Debug|iPhoneSimulator.Build.0 = Debug|Any CPU
		{8B11CAC2-DB6E-41CD-B62F-5DBE22247F49}.Release|iPhoneSimulator.ActiveCfg = Release|Any CPU
		{8B11CAC2-DB6E-41CD-B62F-5DBE22247F49}.Release|iPhoneSimulator.Build.0 = Release|Any CPU
		{8B11CAC2-DB6E-41CD-B62F-5DBE22247F49}.Debug|iPhone.ActiveCfg = Debug|Any CPU
		{8B11CAC2-DB6E-41CD-B62F-5DBE22247F49}.Debug|iPhone.Build.0 = Debug|Any CPU
		{8B11CAC2-DB6E-41CD-B62F-5DBE22247F49}.Release|iPhone.ActiveCfg = Release|Any CPU
		{8B11CAC2-DB6E-41CD-B62F-5DBE22247F49}.Release|iPhone.Build.0 = Release|Any CPU
		{D094C434-2CFC-4F3F-BD77-7B5BF5CF808D}.Debug|Any CPU.ActiveCfg = Debug|Any CPU
		{D094C434-2CFC-4F3F-BD77-7B5BF5CF808D}.Debug|Any CPU.Build.0 = Debug|Any CPU
		{D094C434-2CFC-4F3F-BD77-7B5BF5CF808D}.Release|Any CPU.ActiveCfg = Release|Any CPU
		{D094C434-2CFC-4F3F-BD77-7B5BF5CF808D}.Release|Any CPU.Build.0 = Release|Any CPU
		{D094C434-2CFC-4F3F-BD77-7B5BF5CF808D}.Debug|iPhoneSimulator.ActiveCfg = Debug|Any CPU
		{D094C434-2CFC-4F3F-BD77-7B5BF5CF808D}.Release|iPhoneSimulator.ActiveCfg = Release|Any CPU
		{D094C434-2CFC-4F3F-BD77-7B5BF5CF808D}.Debug|iPhone.ActiveCfg = Debug|Any CPU
		{D094C434-2CFC-4F3F-BD77-7B5BF5CF808D}.Release|iPhone.ActiveCfg = Release|Any CPU
	EndGlobalSection
	GlobalSection(SolutionProperties) = preSolution
		HideSolutionNode = FALSE
	EndGlobalSection
	GlobalSection(ExtensibilityGlobals) = postSolution
		SolutionGuid = {094B5193-365B-4B66-9C8F-B40971E43B66}
	EndGlobalSection
	GlobalSection(NestedProjects) = preSolution
		{82653E57-C221-4928-9456-66DB43375D8C} = {7058331B-7A7F-4D8F-AB96-250CC8434EFF}
		{16323B4A-A453-47A8-915A-B5F9ECDAA3C4} = {7058331B-7A7F-4D8F-AB96-250CC8434EFF}
		{7AF24924-3865-491F-ACA1-A6A67B299C39} = {7058331B-7A7F-4D8F-AB96-250CC8434EFF}
		{8B11CAC2-DB6E-41CD-B62F-5DBE22247F49} = {DEC761F3-E6C2-4951-A188-67FD73780EAB}
	EndGlobalSection
EndGlobal
